// !$*UTF8*$!
{
	archiveVersion = 1;
	classes = {
	};
	objectVersion = 46;
	objects = {

/* Begin PBXBuildFile section */
		A551D6CD1A599BE6006A0E74 /* main.swift in Sources */ = {isa = PBXBuildFile; fileRef = A551D6CC1A599BE6006A0E74 /* main.swift */; };
		A5EF1BF91A8526EB00EAC80A /* LibXcbkptlist.framework in Frameworks */ = {isa = PBXBuildFile; fileRef = A5EF1BF61A8526D900EAC80A /* LibXcbkptlist.framework */; };
/* End PBXBuildFile section */

/* Begin PBXContainerItemProxy section */
		A5EF1BF51A8526D900EAC80A /* PBXContainerItemProxy */ = {
			isa = PBXContainerItemProxy;
			containerPortal = A5EF1BF01A8526D900EAC80A /* LibXcbkptlist.xcodeproj */;
			proxyType = 2;
			remoteGlobalIDString = A551D6A21A599860006A0E74;
			remoteInfo = LibXcbkptlist;
		};
		A5EF1BF71A8526D900EAC80A /* PBXContainerItemProxy */ = {
			isa = PBXContainerItemProxy;
			containerPortal = A5EF1BF01A8526D900EAC80A /* LibXcbkptlist.xcodeproj */;
			proxyType = 2;
			remoteGlobalIDString = A551D6AD1A599860006A0E74;
			remoteInfo = LibXcbkptlistTests;
		};
/* End PBXContainerItemProxy section */

/* Begin PBXCopyFilesBuildPhase section */
		A551D6C71A599BE6006A0E74 /* CopyFiles */ = {
			isa = PBXCopyFilesBuildPhase;
			buildActionMask = 2147483647;
			dstPath = /usr/share/man/man1/;
			dstSubfolderSpec = 0;
			files = (
			);
			runOnlyForDeploymentPostprocessing = 1;
		};
/* End PBXCopyFilesBuildPhase section */

/* Begin PBXFileReference section */
		A551D6C91A599BE6006A0E74 /* Codebreaker */ = {isa = PBXFileReference; explicitFileType = "compiled.mach-o.executable"; includeInIndex = 0; path = Codebreaker; sourceTree = BUILT_PRODUCTS_DIR; };
		A551D6CC1A599BE6006A0E74 /* main.swift */ = {isa = PBXFileReference; lastKnownFileType = sourcecode.swift; name = main.swift; path = ./Codebreaker/main.swift; sourceTree = SOURCE_ROOT; };
		A5EF1BF01A8526D900EAC80A /* LibXcbkptlist.xcodeproj */ = {isa = PBXFileReference; lastKnownFileType = "wrapper.pb-project"; name = LibXcbkptlist.xcodeproj; path = Submodules/LibXcbkptlist/LibXcbkptlist.xcodeproj; sourceTree = "<group>"; };
/* End PBXFileReference section */

/* Begin PBXFrameworksBuildPhase section */
		A551D6C61A599BE6006A0E74 /* Frameworks */ = {
			isa = PBXFrameworksBuildPhase;
			buildActionMask = 2147483647;
			files = (
				A5EF1BF91A8526EB00EAC80A /* LibXcbkptlist.framework in Frameworks */,
			);
			runOnlyForDeploymentPostprocessing = 0;
		};
/* End PBXFrameworksBuildPhase section */

/* Begin PBXGroup section */
		A551D6C01A599BE6006A0E74 = {
			isa = PBXGroup;
			children = (
				A5EF1BF01A8526D900EAC80A /* LibXcbkptlist.xcodeproj */,
				A551D6CB1A599BE6006A0E74 /* Codebreaker */,
				A551D6CA1A599BE6006A0E74 /* Products */,
			);
			sourceTree = "<group>";
		};
		A551D6CA1A599BE6006A0E74 /* Products */ = {
			isa = PBXGroup;
			children = (
				A551D6C91A599BE6006A0E74 /* Codebreaker */,
			);
			name = Products;
			sourceTree = "<group>";
		};
		A551D6CB1A599BE6006A0E74 /* Codebreaker */ = {
			isa = PBXGroup;
			children = (
				A551D6CC1A599BE6006A0E74 /* main.swift */,
			);
			name = Codebreaker;
			path = Exterminator;
			sourceTree = "<group>";
		};
		A5EF1BF11A8526D900EAC80A /* Products */ = {
			isa = PBXGroup;
			children = (
				A5EF1BF61A8526D900EAC80A /* LibXcbkptlist.framework */,
				A5EF1BF81A8526D900EAC80A /* LibXcbkptlistTests.xctest */,
			);
			name = Products;
			sourceTree = "<group>";
		};
/* End PBXGroup section */

/* Begin PBXNativeTarget section */
		A551D6C81A599BE6006A0E74 /* Codebreaker */ = {
			isa = PBXNativeTarget;
			buildConfigurationList = A551D6D01A599BE6006A0E74 /* Build configuration list for PBXNativeTarget "Codebreaker" */;
			buildPhases = (
				A551D6C51A599BE6006A0E74 /* Sources */,
				A551D6C61A599BE6006A0E74 /* Frameworks */,
				A551D6C71A599BE6006A0E74 /* CopyFiles */,
			);
			buildRules = (
			);
			dependencies = (
			);
			name = Codebreaker;
			productName = Exterminator;
			productReference = A551D6C91A599BE6006A0E74 /* Codebreaker */;
			productType = "com.apple.product-type.tool";
		};
/* End PBXNativeTarget section */

/* Begin PBXProject section */
		A551D6C11A599BE6006A0E74 /* Project object */ = {
			isa = PBXProject;
			attributes = {
				LastUpgradeCheck = 0610;
				ORGANIZATIONNAME = "Tino Heth";
				TargetAttributes = {
					A551D6C81A599BE6006A0E74 = {
						CreatedOnToolsVersion = 6.1.1;
					};
				};
			};
			buildConfigurationList = A551D6C41A599BE6006A0E74 /* Build configuration list for PBXProject "Codebreaker" */;
			compatibilityVersion = "Xcode 3.2";
			developmentRegion = English;
			hasScannedForEncodings = 0;
			knownRegions = (
				en,
			);
			mainGroup = A551D6C01A599BE6006A0E74;
			productRefGroup = A551D6CA1A599BE6006A0E74 /* Products */;
			projectDirPath = "";
			projectReferences = (
				{
					ProductGroup = A5EF1BF11A8526D900EAC80A /* Products */;
					ProjectRef = A5EF1BF01A8526D900EAC80A /* LibXcbkptlist.xcodeproj */;
				},
			);
			projectRoot = "";
			targets = (
				A551D6C81A599BE6006A0E74 /* Codebreaker */,
			);
		};
/* End PBXProject section */

/* Begin PBXReferenceProxy section */
		A5EF1BF61A8526D900EAC80A /* LibXcbkptlist.framework */ = {
			isa = PBXReferenceProxy;
			fileType = wrapper.framework;
			path = LibXcbkptlist.framework;
			remoteRef = A5EF1BF51A8526D900EAC80A /* PBXContainerItemProxy */;
			sourceTree = BUILT_PRODUCTS_DIR;
		};
		A5EF1BF81A8526D900EAC80A /* LibXcbkptlistTests.xctest */ = {
			isa = PBXReferenceProxy;
			fileType = wrapper.cfbundle;
			path = LibXcbkptlistTests.xctest;
			remoteRef = A5EF1BF71A8526D900EAC80A /* PBXContainerItemProxy */;
			sourceTree = BUILT_PRODUCTS_DIR;
		};
/* End PBXReferenceProxy section */

/* Begin PBXSourcesBuildPhase section */
		A551D6C51A599BE6006A0E74 /* Sources */ = {
			isa = PBXSourcesBuildPhase;
			buildActionMask = 2147483647;
			files = (
				A551D6CD1A599BE6006A0E74 /* main.swift in Sources */,
			);
			runOnlyForDeploymentPostprocessing = 0;
		};
/* End PBXSourcesBuildPhase section */

/* Begin XCBuildConfiguration section */
		A551D6CE1A599BE6006A0E74 /* Debug */ = {
			isa = XCBuildConfiguration;
			buildSettings = {
				ALWAYS_SEARCH_USER_PATHS = NO;
				CLANG_CXX_LANGUAGE_STANDARD = "gnu++0x";
				CLANG_CXX_LIBRARY = "libc++";
				CLANG_ENABLE_MODULES = YES;
				CLANG_ENABLE_OBJC_ARC = YES;
				CLANG_WARN_BOOL_CONVERSION = YES;
				CLANG_WARN_CONSTANT_CONVERSION = YES;
				CLANG_WARN_DIRECT_OBJC_ISA_USAGE = YES_ERROR;
				CLANG_WARN_EMPTY_BODY = YES;
				CLANG_WARN_ENUM_CONVERSION = YES;
				CLANG_WARN_INT_CONVERSION = YES;
				CLANG_WARN_OBJC_ROOT_CLASS = YES_ERROR;
				CLANG_WARN_UNREACHABLE_CODE = YES;
				CLANG_WARN__DUPLICATE_METHOD_MATCH = YES;
				COPY_PHASE_STRIP = NO;
				EMBEDDED_CONTENT_CONTAINS_SWIFT = YES;
				ENABLE_STRICT_OBJC_MSGSEND = YES;
				FRAMEWORK_SEARCH_PATHS = "$(inherited)";
				GCC_C_LANGUAGE_STANDARD = gnu99;
				GCC_DYNAMIC_NO_PIC = NO;
				GCC_OPTIMIZATION_LEVEL = 0;
				GCC_PREPROCESSOR_DEFINITIONS = (
					"DEBUG=1",
					"$(inherited)",
				);
				GCC_SYMBOLS_PRIVATE_EXTERN = NO;
				GCC_WARN_64_TO_32_BIT_CONVERSION = YES;
				GCC_WARN_ABOUT_RETURN_TYPE = YES_ERROR;
				GCC_WARN_UNDECLARED_SELECTOR = YES;
				GCC_WARN_UNINITIALIZED_AUTOS = YES_AGGRESSIVE;
				GCC_WARN_UNUSED_FUNCTION = YES;
				GCC_WARN_UNUSED_VARIABLE = YES;
				MACOSX_DEPLOYMENT_TARGET = 10.10;
				MTL_ENABLE_DEBUG_INFO = YES;
				ONLY_ACTIVE_ARCH = YES;
				SDKROOT = macosx;
				SWIFT_INSTALL_OBJC_HEADER = NO;
				SWIFT_OPTIMIZATION_LEVEL = "-Onone";
			};
			name = Debug;
		};
		A551D6CF1A599BE6006A0E74 /* Release */ = {
			isa = XCBuildConfiguration;
			buildSettings = {
				ALWAYS_SEARCH_USER_PATHS = NO;
				CLANG_CXX_LANGUAGE_STANDARD = "gnu++0x";
				CLANG_CXX_LIBRARY = "libc++";
				CLANG_ENABLE_MODULES = YES;
				CLANG_ENABLE_OBJC_ARC = YES;
				CLANG_WARN_BOOL_CONVERSION = YES;
				CLANG_WARN_CONSTANT_CONVERSION = YES;
				CLANG_WARN_DIRECT_OBJC_ISA_USAGE = YES_ERROR;
				CLANG_WARN_EMPTY_BODY = YES;
				CLANG_WARN_ENUM_CONVERSION = YES;
				CLANG_WARN_INT_CONVERSION = YES;
				CLANG_WARN_OBJC_ROOT_CLASS = YES_ERROR;
				CLANG_WARN_UNREACHABLE_CODE = YES;
				CLANG_WARN__DUPLICATE_METHOD_MATCH = YES;
				COPY_PHASE_STRIP = YES;
				DEBUG_INFORMATION_FORMAT = "dwarf-with-dsym";
				EMBEDDED_CONTENT_CONTAINS_SWIFT = YES;
				ENABLE_NS_ASSERTIONS = NO;
				ENABLE_STRICT_OBJC_MSGSEND = YES;
				FRAMEWORK_SEARCH_PATHS = "$(inherited)";
				GCC_C_LANGUAGE_STANDARD = gnu99;
				GCC_WARN_64_TO_32_BIT_CONVERSION = YES;
				GCC_WARN_ABOUT_RETURN_TYPE = YES_ERROR;
				GCC_WARN_UNDECLARED_SELECTOR = YES;
				GCC_WARN_UNINITIALIZED_AUTOS = YES_AGGRESSIVE;
				GCC_WARN_UNUSED_FUNCTION = YES;
				GCC_WARN_UNUSED_VARIABLE = YES;
				MACOSX_DEPLOYMENT_TARGET = 10.10;
				MTL_ENABLE_DEBUG_INFO = NO;
				SDKROOT = macosx;
				SWIFT_INSTALL_OBJC_HEADER = NO;
			};
			name = Release;
		};
		A551D6D11A599BE6006A0E74 /* Debug */ = {
			isa = XCBuildConfiguration;
			buildSettings = {
				PRODUCT_NAME = Codebreaker;
			};
			name = Debug;
		};
		A551D6D21A599BE6006A0E74 /* Release */ = {
			isa = XCBuildConfiguration;
			buildSettings = {
				PRODUCT_NAME = Codebreaker;
			};
			name = Release;
		};
/* End XCBuildConfiguration section */

/* Begin XCConfigurationList section */
		A551D6C41A599BE6006A0E74 /* Build configuration list for PBXProject "Codebreaker" */ = {
			isa = XCConfigurationList;
			buildConfigurations = (
				A551D6CE1A599BE6006A0E74 /* Debug */,
				A551D6CF1A599BE6006A0E74 /* Release */,
			);
			defaultConfigurationIsVisible = 0;
			defaultConfigurationName = Release;
		};
		A551D6D01A599BE6006A0E74 /* Build configuration list for PBXNativeTarget "Codebreaker" */ = {
			isa = XCConfigurationList;
			buildConfigurations = (
				A551D6D11A599BE6006A0E74 /* Debug */,
				A551D6D21A599BE6006A0E74 /* Release */,
			);
			defaultConfigurationIsVisible = 0;
			defaultConfigurationName = Release;
		};
/* End XCConfigurationList section */
	};
	rootObject = A551D6C11A599BE6006A0E74 /* Project object */;
}
